
Microsoft Visual Studio Solution File, Format Version 12.00
# Visual Studio Version 17
VisualStudioVersion = 17.1.32421.90
MinimumVisualStudioVersion = 10.0.40219.1
Project("{FAE04EC0-301F-11D3-BF4B-00C04F79EFBC}") = "la-mia-pizzeria-static", "la-mia-pizzeria-static\la-mia-pizzeria-static.csproj", "{8AD97E85-9B85-4095-9ABF-83AE9EA0AF72}"
EndProject
Global
	GlobalSection(SolutionConfigurationPlatforms) = preSolution
		Debug|Any CPU = Debug|Any CPU
		Release|Any CPU = Release|Any CPU
	EndGlobalSection
	GlobalSection(ProjectConfigurationPlatforms) = postSolution
		{8AD97E85-9B85-4095-9ABF-83AE9EA0AF72}.Debug|Any CPU.ActiveCfg = Debug|Any CPU
		{8AD97E85-9B85-4095-9ABF-83AE9EA0AF72}.Debug|Any CPU.Build.0 = Debug|Any CPU
		{8AD97E85-9B85-4095-9ABF-83AE9EA0AF72}.Release|Any CPU.ActiveCfg = Release|Any CPU
		{8AD97E85-9B85-4095-9ABF-83AE9EA0AF72}.Release|Any CPU.Build.0 = Release|Any CPU
	EndGlobalSection
	GlobalSection(SolutionProperties) = preSolution
		HideSolutionNode = FALSE
	EndGlobalSection
	GlobalSection(ExtensibilityGlobals) = postSolution
		SolutionGuid = {17CBBD66-3043-4844-BAE4-ADF05EF36FA8}
	EndGlobalSection
EndGlobal
